{
  "object": {
    "pins": [
      {
        "package": "Debug",
        "repositoryURL": "https://github.com/BergerBytes/swift-debug.git",
        "state": {
          "branch": null,
          "revision": "deb8ce52aff9317ef1a0e393758612f9001b6803",
          "version": "1.2.1"
        }
      }
    ]
  },
  "version": 1
}
