{
  "object": {
    "pins": [
      {
        "package": "Debug",
        "repositoryURL": "https://github.com/BergerBytes/swift-debug.git",
        "state": {
          "branch": null,
          "revision": "1f7bb6a678423cdbe782ad54e349f28dbc4a6b6d",
          "version": "1.2.3"
        }
      }
    ]
  },
  "version": 1
}
