{
  "object": {
    "pins": [
      {
        "package": "Debug",
        "repositoryURL": "https://github.com/BergerBytes/swift-debug.git",
        "state": {
          "branch": null,
          "revision": "e792c17fd038bdfaad194fb0582cb84072b69eab",
          "version": "1.4.0"
        }
      }
    ]
  },
  "version": 1
}
